# This file is autogenerated, do not edit; changes may be undone by the next 'dep ensure'.


[[projects]]
  branch = "master"
  digest = "1:6b8ca9304cac10c27be41b169ac9272dd1e83f1be978169ae7946cfa6f20801c"
  name = "github.com/Rican7/retry"
  packages = [
    ".",
    "backoff",
    "jitter",
    "strategy",
  ]
  pruneopts = ""
  revision = "272ad122d6e5ce1be757544007cf8bcd1c9c9ab0"

[[projects]]
  digest = "1:01d968ff6535945510c944983eee024e81f1c949043e9bbfe5ab206ebc3588a4"
  name = "github.com/Sirupsen/logrus"
  packages = ["."]
  pruneopts = ""
  revision = "a67f783a3814b8729bd2dac5780b5f78f8dbd64d"
  version = "v1.1.0"

[[projects]]
  branch = "master"
  digest = "1:8b6244c64f996118fe30d53e9b324c185f938d437b72ddb25da05c0083485806"
  name = "github.com/Songmu/retry"
  packages = ["."]
  pruneopts = ""
  revision = "d7e964d5c8b61a8b9e8f3b017b9d805a2106ac01"

[[projects]]
  branch = "master"
  digest = "1:90944ab5f0b6ae7520c1ceb3a9252767733a8fb4cb0e51fac3233eb2f64c0336"
  name = "github.com/adamliesko/retry"
  packages = ["."]
  pruneopts = ""
  revision = "d9468c78463fdc38138e43b75ee4050c078831d9"

[[projects]]
  branch = "master"
  digest = "1:bde783ca63a14bbf567fad88915ed82d014f635c77b1e77ee588972d1abd8be8"
  name = "github.com/ae6rt/retry"
  packages = ["."]
  pruneopts = ""
  revision = "340ac281720ed4c20c7b1093d9a80618c53177eb"

[[projects]]
  branch = "master"
  digest = "1:d80ad184956031ce144e6640fd276088d71acdfce279108e427076291119db42"
  name = "github.com/andrew-plunk/retry"
  packages = [
    ".",
    "backoff",
    "jitter",
    "strategy",
  ]
  pruneopts = ""
  revision = "ac83025292c86177c19a7bf633ab51d9a9a73b25"

[[projects]]
  digest = "1:71c557dce3797895aab7a66b33c6c2c0fd3893cf18f1739abaad1cef8398a009"
  name = "github.com/ansel1/merry"
  packages = ["."]
  pruneopts = ""
  revision = "5429a08c10ad44bc57a5dbbf49fd44a6371fb167"
  version = "v1.3.1"

[[projects]]
  branch = "master"
  digest = "1:e47ee1c88df34df2362b9d35a5db91b998c8950a84752d62200d9f36cfde91ac"
  name = "github.com/aybabtme/untilitworks"
  packages = ["."]
  pruneopts = ""
  revision = "dcfb49bb642dd528a2cc2c3c73c0240bd41b3aa8"

[[projects]]
  branch = "master"
  digest = "1:24ed46c4b3a4416616ef37fd17a3d483bebe13827353e11eb36dcca39214cedf"
  name = "github.com/azr/retry"
  packages = ["."]
  pruneopts = ""
  revision = "bc31a2c8cf29dc469f63fc61a545763c39007c6e"

[[projects]]
  branch = "master"
  digest = "1:2fc44abb7f2cf0dfc4d107f7e88cc8edd50d839d4ba01f0f424a541cfbc8253a"
  name = "github.com/bernos/go-retry"
  packages = ["."]
  pruneopts = ""
  revision = "5c5b1f97512c9dc2406b2c77edc1284eb63847eb"

[[projects]]
  branch = "master"
  digest = "1:27a0ba2be705618c3a7015ad9641635c1c4a552175576149d57bb9cf71cb0513"
  name = "github.com/cenkalti/backoff"
  packages = ["."]
  pruneopts = ""
  revision = "62661b46c4093e2c1f38d943e663db1a29873e80"

[[projects]]
  branch = "master"
  digest = "1:77135f48c580cce88d30dc9c37e808551e9d66ef973ea0ce577a5bb01ddea656"
  name = "github.com/dgrijalva/retry"
  packages = ["."]
  pruneopts = ""
  revision = "ef012c8afd3f69ebcf28859766d025a9802ab575"

[[projects]]
  branch = "master"
  digest = "1:f6802bfe53737e8d255e73cb3507f3433f718f1f92c3654448d884331ace6b84"
  name = "github.com/drichardson/retry"
  packages = ["."]
  pruneopts = ""
  revision = "30dabe13157e4a166adc0af4bd23f2f8e54f5cf2"

[[projects]]
  branch = "master"
  digest = "1:caa2a1d4e805c3894314e659ef1b8ef1b17433bb858771ce4297659315367ded"
  name = "github.com/giantswarm/retry-go"
  packages = ["."]
  pruneopts = ""
  revision = "d78cea247d5e87d005ff7732f88bc52359afbe19"

[[projects]]
  branch = "master"
  digest = "1:87483867d63a4cf71d856bcc0572a81001d51185962aa6d7096cf7f34c90346e"
  name = "github.com/gruntwork-io/terratest"
  packages = [
    "modules/logger",
    "modules/retry",
  ]
  pruneopts = ""
  revision = "66f4aa69016ca3ded6e5e7fcb93037626b277f29"

[[projects]]
  branch = "master"
  digest = "1:6a3c12156fd310ad95e3fe38070b1bf74e123552e374f1a57a188682a96d168e"
  name = "github.com/juju/errgo"
  packages = ["."]
  pruneopts = ""
  revision = "08cceb5d0b5331634b9826762a8fd53b29b86ad8"

[[projects]]
  branch = "master"
  digest = "1:594030c0f0ed3842773b68708d4f9716d809556b9c631460051f99b15057512d"
  name = "github.com/juju/errors"
  packages = ["."]
  pruneopts = ""
  revision = "22422dad46e14561a0854ad42497a75af9b61909"

[[projects]]
  branch = "master"
  digest = "1:2876394b554fd2ea3a68d6585c529817b76a7e3c3c5e0f23e7bf93b6f9956bb8"
  name = "github.com/juju/retry"
  packages = ["."]
  pruneopts = ""
  revision = "9058e192b216b21e4741c2eeb20ac798ba1ea80a"

[[projects]]
  branch = "027-add-ciphersuite-1.25"
  digest = "1:b216abcce81ed7a3b247117c28f1d0923fa993d4a7427313bdb18b65ce9d3fdc"
  name = "github.com/juju/utils"
  packages = ["clock"]
  pruneopts = ""
  revision = "7f0d35707c87a7b662a06c98fb8d5be920f30ce7"

[[projects]]
  digest = "1:6a874e3ddfb9db2b42bd8c85b6875407c702fa868eed20634ff489bc896ccfd3"
  name = "github.com/konsorten/go-windows-terminal-sequences"
  packages = ["."]
  pruneopts = ""
  revision = "5c8c8bd35d3832f5d134ae1e1e375b69a4d25242"
  version = "v1.0.1"

[[projects]]
  branch = "master"
  digest = "1:e4163b15658bb3da52b448d7cfbf0c9aeb4d47f104b751e63b11f7464b2b02ba"
  name = "github.com/lytics/retry"
  packages = ["."]
  pruneopts = ""
  revision = "0757f0de03bfc61150e24a6619d87c4cd14e45e4"

[[projects]]
  branch = "master"
  digest = "1:e417c69008a3a3e9bb11d901f01ce290e56fec1a0d075b5fce048eb8b5869537"
  name = "github.com/maraino/retry"
  packages = ["."]
  pruneopts = ""
  revision = "76512d8dad9ed70886f40b940c1756a818af7fb6"

[[projects]]
  branch = "master"
  digest = "1:cac8e7e6b723a717dfe6ce9e44750fc1800ccbe94916f9fe3d7c7d6713a903db"
  name = "github.com/matryer/try"
  packages = ["."]
  pruneopts = ""
  revision = "9ac251b645a2628ef89dbd2986987cc1299408ff"

[[projects]]
  branch = "master"
  digest = "1:89bbc6593a29b7722968fe5ee006ae6ab15631ff2da40bee36d8ae0fb8beb250"
  name = "github.com/percolate/retry"
  packages = ["."]
  pruneopts = ""
  revision = "7f9c39c9cd35aae12feab5a161ef55edfd5e192f"

[[projects]]
  branch = "master"
  digest = "1:7746754638136181a6474cf893f21eabc2b20322ea13ba77a5d7fd8f5ee6329f"
  name = "github.com/rafaeljesus/retry-go"
  packages = ["."]
  pruneopts = ""
  revision = "5981a380a87925ee03a78a7ff13574fabc804837"

[[projects]]
  branch = "master"
  digest = "1:65234763d857a9273b741aac26ee042c04284c489807b8f6821f345c27379a7a"
  name = "github.com/rogpeppe/retry"
  packages = ["."]
  pruneopts = ""
  revision = "feb1263b8bc9e4144204ee91edbe471750bf4b42"

[[projects]]
  branch = "master"
  digest = "1:8b765bac58049f0c54c1fadb0b011bce1adc986506264c9d498cb27dd32679f4"
  name = "github.com/sethgrid/pester"
  packages = ["."]
  pruneopts = ""
  revision = "03e26c9abbbf5accb8349790bf9f41bde09d72c3"

[[projects]]
  branch = "master"
  digest = "1:84b9bd8461aea9160b976674e042f7f5c4fbf773ece9a8ab415047d0ef09aa5f"
  name = "github.com/shafreeck/retry"
  packages = ["."]
  pruneopts = ""
  revision = "71c8c3fbf8f88ee208f7673a445372d452476c42"

[[projects]]
  branch = "master"
  digest = "1:a4c2475870513791a36901e2f1418e77626eedcaca0598abcf19e4d138a42cc6"
  name = "github.com/ssgreg/repeat"
  packages = ["."]
  pruneopts = ""
  revision = "fc8e8f629875f1d5a254f582c228a2bdf78ef3b2"

[[projects]]
  branch = "master"
  digest = "1:0dbefc44cb3c025092fcd5c0befb7516784736a002d821d96f4975e9768ae2a1"
  name = "github.com/technoweenie/httpretry"
  packages = ["."]
  pruneopts = ""
  revision = "8b5e81f44aedb09f45acce2a60b367f1ac5a27cb"

[[projects]]
  branch = "master"
  digest = "1:c2598c7556f97ffe8a45302114e73442c43e09fffae2ff9d68bcba474634ec52"
  name = "github.com/thedevsaddam/retry"
  packages = ["."]
  pruneopts = ""
  revision = "ef6567c54abe765a8b2d17d1f10245b1179932d7"

[[projects]]
  branch = "master"
  digest = "1:6914c49eed986dfb8dffb33516fa129c49929d4d873f41e073c83c11c372b870"
  name = "golang.org/x/crypto"
  packages = ["ssh/terminal"]
  pruneopts = ""
  revision = "e3636079e1a4c1f337f212cc5cd2aca108f6c900"

[[projects]]
  branch = "master"
  digest = "1:3a3c1b660248c0ec25f00cfb9c6526bd5b0ede4c8bfa2ed56a3f5e7e9d0a19cd"
  name = "golang.org/x/net"
  packages = ["context"]
  pruneopts = ""
  revision = "146acd28ed5894421fb5aac80ca93bc1b1f46f87"

[[projects]]
  branch = "master"
  digest = "1:a4bda6e065eb3ccf1e6adeaa863cb416e0ae6b43e613f20a8931d52d19dc20e2"
  name = "golang.org/x/sys"
  packages = [
    "unix",
    "windows",
  ]
  pruneopts = ""
  revision = "4497e2df6f9e69048a54498c7affbbec3294ad47"

[[projects]]
  digest = "1:6d6672f85a84411509885eaa32f597577873de00e30729b9bb0eb1e1faa49c12"
  name = "gopkg.in/eapache/go-resiliency.v1"
  packages = ["retrier"]
  pruneopts = ""
  revision = "ea41b0fad31007accc7f806884dcdf3da98b79ce"
  version = "v1.1.0"

[[projects]]
  digest = "1:eed3795975e6472b926238ddcd2dc2dab19631b41ac46e932713e8e042426133"
  name = "gopkg.in/h2non/gentleman-retry.v2"
  packages = ["."]
  pruneopts = ""
  revision = "6533f0ca1f2fc9f7862fb4efcdd3364e1f2f22ae"
  version = "v2.0.1"

[[projects]]
  digest = "1:e3250d192192f02fbb143d50de437cbe967d6be7bd9fad671600942a33269d08"
  name = "gopkg.in/h2non/gentleman.v2"
  packages = [
    "context",
    "plugin",
    "utils",
  ]
  pruneopts = ""
  revision = "e0f81be2f4064ea7aa7470e9daddd2dc8e8152c7"
  version = "v2.0.3"

[[projects]]
  digest = "1:403dac309fe1f559300ee1be661063da2db59514a5fd8a552b8495725d6cf92f"
  name = "gopkg.in/retry.v1"
  packages = ["."]
  pruneopts = ""
  revision = "87155f248cf6ea9e38ae7613f9ea1e5bb397ac83"
  version = "v1.0.2"

[solve-meta]
  analyzer-name = "dep"
  analyzer-version = 1
  input-imports = [
    "github.com/Rican7/retry",
    "github.com/Songmu/retry",
    "github.com/adamliesko/retry",
    "github.com/ae6rt/retry",
    "github.com/andrew-plunk/retry",
    "github.com/aybabtme/untilitworks",
    "github.com/azr/retry",
    "github.com/bernos/go-retry",
    "github.com/cenkalti/backoff",
    "github.com/dgrijalva/retry",
    "github.com/drichardson/retry",
    "github.com/giantswarm/retry-go",
    "github.com/gruntwork-io/terratest/modules/retry",
    "github.com/juju/retry",
    "github.com/lytics/retry",
    "github.com/maraino/retry",
    "github.com/matryer/try",
    "github.com/percolate/retry",
    "github.com/rafaeljesus/retry-go",
    "github.com/rogpeppe/retry",
    "github.com/sethgrid/pester",
    "github.com/shafreeck/retry",
    "github.com/ssgreg/repeat",
    "github.com/technoweenie/httpretry",
    "github.com/thedevsaddam/retry",
    "gopkg.in/eapache/go-resiliency.v1/retrier",
    "gopkg.in/h2non/gentleman-retry.v2",
    "gopkg.in/retry.v1",
  ]
  solver-name = "gps-cdcl"
  solver-version = 1
