# This file is autogenerated, do not edit; changes may be undone by the next 'dep ensure'.


[[projects]]
  branch = "master"
  digest = "1:ad84b053d0cef5db6c93ec577184de69a09c08481b84a087847001ba8aba795a"
  name = "github.com/Rican7/retry"
  packages = [
    ".",
    "backoff",
    "jitter",
    "strategy",
  ]
  pruneopts = "NT"
  revision = "272ad122d6e5ce1be757544007cf8bcd1c9c9ab0"

[[projects]]
  digest = "1:c8a0dfc6208c2af75549dbd7a0c4446cc214b7a049a872858a8ec6f58e4fd082"
  name = "github.com/Sirupsen/logrus"
  packages = ["."]
  pruneopts = "NT"
  revision = "dae0fa8d5b0c810a8ab733fbd5510c7cae84eca4"
  version = "v1.4.0"

[[projects]]
  branch = "master"
  digest = "1:1587b2db17a047e69ca693fdd42bdcfa76d33177a9489e7df6b18915c18c322a"
  name = "github.com/Songmu/retry"
  packages = ["."]
  pruneopts = "NT"
  revision = "902aa877ec14b4d10b9db5c8caf81a111cf0680e"

[[projects]]
  branch = "master"
  digest = "1:8db4bc72b43dc146367fcf5bcfbf24e2f50742784806090f9ec2eb954768fc72"
  name = "github.com/adamliesko/retry"
  packages = ["."]
  pruneopts = "NT"
  revision = "d9468c78463fdc38138e43b75ee4050c078831d9"

[[projects]]
  branch = "master"
  digest = "1:6f52b30ec39f0f67308238b1d2b726ee3df7acc2d188d2f9161ed8ae5f8bd746"
  name = "github.com/ae6rt/retry"
  packages = ["."]
  pruneopts = "NT"
  revision = "340ac281720ed4c20c7b1093d9a80618c53177eb"

[[projects]]
  branch = "master"
  digest = "1:dde749c8b3333880791a29ac907e5ae59a6acb61001e7f8e2e35636965f00efb"
  name = "github.com/andrew-plunk/retry"
  packages = [
    ".",
    "backoff",
    "jitter",
    "strategy",
  ]
  pruneopts = "NT"
  revision = "ac83025292c86177c19a7bf633ab51d9a9a73b25"

[[projects]]
  digest = "1:5dea725d55e0ab0f9203c45d8fde063fa3106d5142bbf7c001fe432712da83f6"
  name = "github.com/ansel1/merry"
  packages = ["."]
  pruneopts = "NT"
  revision = "4db5a8dcd6e777f88c88819528382e5b1490a1ba"
  version = "v1.4.0"

[[projects]]
  branch = "master"
  digest = "1:046bf9b1ad0b9790c7a4685994a20fcc6935b45db22e2b1657d1461706eecb28"
  name = "github.com/aybabtme/untilitworks"
  packages = ["."]
  pruneopts = "NT"
  revision = "dcfb49bb642dd528a2cc2c3c73c0240bd41b3aa8"

[[projects]]
  branch = "master"
  digest = "1:3aaaab4e251417942e4ec22234b78aab622b50c1fc8a1ef2847ed471e59765ee"
  name = "github.com/azr/retry"
  packages = ["."]
  pruneopts = "NT"
  revision = "bc31a2c8cf29dc469f63fc61a545763c39007c6e"

[[projects]]
  branch = "master"
  digest = "1:6b4963877af7238deccb778aca8d59230d24190c44cd115897a0098b72c02f92"
  name = "github.com/bernos/go-retry"
  packages = ["."]
  pruneopts = "NT"
  revision = "5c5b1f97512c9dc2406b2c77edc1284eb63847eb"

[[projects]]
  branch = "master"
  digest = "1:cdee563173093e5ae7ab2a19c298e0904129719e1919a3c532b7bb0c3398b818"
  name = "github.com/cenkalti/backoff"
  packages = ["."]
  pruneopts = "NT"
  revision = "1e4cf3da559842a91afcb6ea6141451e6c30c618"

[[projects]]
  branch = "master"
  digest = "1:3d526c7e84c8ebcd99fc705e161462c04dc37ae2bb0d2f2d7228b4b28b25a11c"
  name = "github.com/dgrijalva/retry"
  packages = ["."]
  pruneopts = "NT"
  revision = "ef012c8afd3f69ebcf28859766d025a9802ab575"

[[projects]]
  branch = "master"
  digest = "1:18503a69dfc62c67dbeb34e3eaf67d5a8a78b581c713abea2d62a53e10695381"
  name = "github.com/giantswarm/retry-go"
  packages = ["."]
  pruneopts = "NT"
  revision = "d78cea247d5e87d005ff7732f88bc52359afbe19"

[[projects]]
  branch = "master"
  digest = "1:1037fdebde013214d6a67e4db00673f135747c7889d157e98ace721340194ee8"
  name = "github.com/jpillora/backoff"
  packages = ["."]
  pruneopts = "NT"
  revision = "3050d21c67d7c46b07ca1b5e1be0b26669c8d04c"

[[projects]]
  branch = "master"
  digest = "1:32c51d6ce84b400539a13575d0023d3d254aacca98e2e09cd512fa9a40a44181"
  name = "github.com/juju/errgo"
  packages = ["."]
  pruneopts = "NT"
  revision = "08cceb5d0b5331634b9826762a8fd53b29b86ad8"

[[projects]]
  branch = "master"
  digest = "1:9c83139d1b88efd3e44b326d4863c89980969644f21e6c1eef9bfa6415ae38dd"
  name = "github.com/juju/errors"
  packages = ["."]
  pruneopts = "NT"
  revision = "e65537c515d77e35697c471d6c2755375cb3adc4"

[[projects]]
  branch = "master"
  digest = "1:870e5c4590e652329b39c44a8153c2768b2316926cb6d14c079b0533333174c9"
  name = "github.com/juju/retry"
  packages = ["."]
  pruneopts = "NT"
  revision = "9058e192b216b21e4741c2eeb20ac798ba1ea80a"

[[projects]]
  branch = "027-add-ciphersuite-1.25"
  digest = "1:c1dcc6c3dcefb2dee73c2605327d179002689df51f8cbf3999f30594a78354cf"
  name = "github.com/juju/utils"
  packages = ["clock"]
  pruneopts = "NT"
  revision = "7f0d35707c87a7b662a06c98fb8d5be920f30ce7"

[[projects]]
  digest = "1:58999a98719fddbac6303cb17e8d85b945f60b72f48e3a2df6b950b97fa926f1"
  name = "github.com/konsorten/go-windows-terminal-sequences"
  packages = ["."]
  pruneopts = "NT"
  revision = "f55edac94c9bbba5d6182a4be46d86a2c9b5b50e"
  version = "v1.0.2"

[[projects]]
  branch = "master"
  digest = "1:63cbd270f64b72d49029bfd7111746cb56ebfc822f4587dabc73b8de873b1530"
  name = "github.com/lestrrat-go/backoff"
  packages = ["."]
  pruneopts = "NT"
  revision = "0bc2a4274cd0f8baa49f2d598df5ef0cc3069c80"

[[projects]]
  branch = "master"
  digest = "1:9d94143b139c7aa2460c755de6d20cd5f9603af7e1e7dd677fd57132ffe340e3"
  name = "github.com/lytics/retry"
  packages = ["."]
  pruneopts = "NT"
  revision = "0757f0de03bfc61150e24a6619d87c4cd14e45e4"

[[projects]]
  branch = "master"
  digest = "1:49cc2e45851992f8f1f11360041a80050b21592b39cd149ba53ec89bf59ce30f"
  name = "github.com/maraino/retry"
  packages = ["."]
  pruneopts = "NT"
  revision = "76512d8dad9ed70886f40b940c1756a818af7fb6"

[[projects]]
  branch = "master"
  digest = "1:82808e1d018364038cea3930c309363dcdff873ab19868e881111199b138b973"
  name = "github.com/matryer/try"
  packages = ["."]
  pruneopts = "NT"
  revision = "9ac251b645a2628ef89dbd2986987cc1299408ff"

[[projects]]
  branch = "master"
  digest = "1:9f0d1a5eee88641c6debeb12a438f5538c2c904dec326dc40c1a455f1465676f"
  name = "github.com/percolate/retry"
  packages = ["."]
  pruneopts = "NT"
  revision = "7f9c39c9cd35aae12feab5a161ef55edfd5e192f"

[[projects]]
  digest = "1:14715f705ff5dfe0ffd6571d7d201dd8e921030f8070321a79380d8ca4ec1a24"
  name = "github.com/pkg/errors"
  packages = ["."]
  pruneopts = "NT"
  revision = "ba968bfe8b2f7e042a574c888954fccecfa385b4"
  version = "v0.8.1"

[[projects]]
  branch = "master"
  digest = "1:c057d1c53f600681ad75747c3ecf395945f7a63bdcc87d68b3752b1790363af6"
  name = "github.com/rafaeljesus/retry-go"
  packages = ["."]
  pruneopts = "NT"
  revision = "5981a380a87925ee03a78a7ff13574fabc804837"

[[projects]]
  branch = "master"
  digest = "1:e7c6b5234c231726adf9de1a6db6b898ce79e7b0114c660406f376514133c0f7"
  name = "github.com/rogpeppe/retry"
  packages = ["."]
  pruneopts = "NT"
  revision = "feb1263b8bc9e4144204ee91edbe471750bf4b42"

[[projects]]
  branch = "master"
  digest = "1:0d910d09333e0568fa80895f2900b94a8c0f26a59d9f4ef64c1dc23938878f59"
  name = "github.com/sethgrid/pester"
  packages = ["."]
  pruneopts = "NT"
  revision = "68a33a018ad0ac8266f272ec669307a1829c0486"

[[projects]]
  branch = "master"
  digest = "1:49cc7bda46e0217e638bcbcf97f14a4ef7109bf28cb4a78ec420d5c47cdc75a7"
  name = "github.com/shafreeck/retry"
  packages = ["."]
  pruneopts = "NT"
  revision = "71c8c3fbf8f88ee208f7673a445372d452476c42"

[[projects]]
  branch = "master"
  digest = "1:cde54ea9aadcacbb2041826a4edea373c0c4119d25a0229ae8abad7bef89ac98"
  name = "github.com/ssgreg/repeat"
  packages = ["."]
  pruneopts = "NT"
  revision = "69bb4cbe28e8010286948fd385106ac599fdfca7"

[[projects]]
  branch = "master"
  digest = "1:860a607590c9b06f49a6077ccd966070e607f87730c16f1437026fe3877ba594"
  name = "github.com/technoweenie/httpretry"
  packages = ["."]
  pruneopts = "NT"
  revision = "8b5e81f44aedb09f45acce2a60b367f1ac5a27cb"

[[projects]]
  branch = "master"
  digest = "1:5c354e1ac0fe374eae1497aa8174e6a2f6fb7d9fda1dc992fff4cc26899d37cc"
  name = "github.com/thedevsaddam/retry"
  packages = ["."]
  pruneopts = "NT"
  revision = "ef6567c54abe765a8b2d17d1f10245b1179932d7"

[[projects]]
  branch = "master"
  digest = "1:2c0b9b49d155596fecc071bce8db372c193f638265c11ab24914aae99fcfa704"
  name = "golang.org/x/crypto"
  packages = ["ssh/terminal"]
  pruneopts = "NT"
  revision = "a5d413f7728c81fb97d96a2b722368945f651e78"

[[projects]]
  branch = "master"
  digest = "1:9d531f81319846d063202616c0dd87bbf03b7f15c23136cba085b2b79432b4ec"
  name = "golang.org/x/sys"
  packages = [
    "unix",
    "windows",
  ]
  pruneopts = "NT"
  revision = "f49334f85ddcf0f08d7fb6dd7363e9e6d6b777eb"

[[projects]]
  digest = "1:10fc3c47c44c6c689df5003224dda60080542ffad59c5d88f8e87c3d410ec3eb"
  name = "gopkg.in/eapache/go-resiliency.v1"
  packages = ["retrier"]
  pruneopts = "NT"
  revision = "ea41b0fad31007accc7f806884dcdf3da98b79ce"
  version = "v1.1.0"

[[projects]]
  digest = "1:af59f29e55cb633ba6f9b0289cdf853f54d52185aec80cfffaf9616840818ddb"
  name = "gopkg.in/h2non/gentleman-retry.v2"
  packages = ["."]
  pruneopts = "NT"
  revision = "6533f0ca1f2fc9f7862fb4efcdd3364e1f2f22ae"
  version = "v2.0.1"

[[projects]]
  digest = "1:a139f56e582fa5f18eb9249d8e06898d10a219ea2f1ff586950f6ca019a2b66f"
  name = "gopkg.in/h2non/gentleman.v2"
  packages = [
    "context",
    "plugin",
    "utils",
  ]
  pruneopts = "NT"
  revision = "e0f81be2f4064ea7aa7470e9daddd2dc8e8152c7"
  version = "v2.0.3"

[[projects]]
  digest = "1:549758ea88183f369073cfaeaa3870c1d40ba14af8c60b50f5012883b0f23ea3"
  name = "gopkg.in/retry.v1"
  packages = ["."]
  pruneopts = "NT"
  revision = "87155f248cf6ea9e38ae7613f9ea1e5bb397ac83"
  version = "v1.0.2"

[solve-meta]
  analyzer-name = "dep"
  analyzer-version = 1
  input-imports = [
    "github.com/Rican7/retry",
    "github.com/Songmu/retry",
    "github.com/adamliesko/retry",
    "github.com/ae6rt/retry",
    "github.com/andrew-plunk/retry",
    "github.com/aybabtme/untilitworks",
    "github.com/azr/retry",
    "github.com/bernos/go-retry",
    "github.com/cenkalti/backoff",
    "github.com/dgrijalva/retry",
    "github.com/giantswarm/retry-go",
    "github.com/jpillora/backoff",
    "github.com/juju/retry",
    "github.com/lestrrat-go/backoff",
    "github.com/lytics/retry",
    "github.com/maraino/retry",
    "github.com/matryer/try",
    "github.com/percolate/retry",
    "github.com/rafaeljesus/retry-go",
    "github.com/rogpeppe/retry",
    "github.com/sethgrid/pester",
    "github.com/shafreeck/retry",
    "github.com/ssgreg/repeat",
    "github.com/technoweenie/httpretry",
    "github.com/thedevsaddam/retry",
    "gopkg.in/eapache/go-resiliency.v1/retrier",
    "gopkg.in/h2non/gentleman-retry.v2",
    "gopkg.in/retry.v1",
  ]
  solver-name = "gps-cdcl"
  solver-version = 1
