# This file is autogenerated, do not edit; changes may be undone by the next 'dep ensure'.


[[projects]]
  branch = "master"
  digest = "1:aa68d54ba3ba645d2063aa7b80b1bce57c140896f35f12c80dc248bd87478c20"
  name = "github.com/abiosoft/semaphore"
  packages = ["."]
  pruneopts = ""
  revision = "cb737ff681bd644054d04b9e420135e01179114d"

[[projects]]
  branch = "master"
  digest = "1:553f8416001d9417c33edec68f2034489d45ebb3e9715eb93ce430643b343f62"
  name = "github.com/andreyvit/sem"
  packages = ["."]
  pruneopts = ""
  revision = "51d9c5c4f5082d89e3ac9d6b1bc187c0cc86fcf5"

[[projects]]
  branch = "master"
  digest = "1:ceb9e5e8e784a832cad22b78fa70dd9578a88667d090099107aeb797a831fcd7"
  name = "github.com/avezila/psem"
  packages = ["."]
  pruneopts = ""
  revision = "9998d632c317d544fdee1a04c4775db8bc68e3d2"

[[projects]]
  branch = "master"
  digest = "1:d34227907bbe6f204d7951b018b4b98fde444656b259c0f5f7b5164ab5592dc3"
  name = "github.com/bluele/go-semaphore"
  packages = ["."]
  pruneopts = ""
  revision = "8aff93824fd52426b33513e6224d70ac09d7957c"

[[projects]]
  branch = "master"
  digest = "1:891bff8c78655a9228eafd73d88c961954e2ee89b8e812246ae2af8e0b0be8e9"
  name = "github.com/carlmjohnson/go-utils"
  packages = ["semaphore"]
  pruneopts = ""
  revision = "3990067f140bd1e9878f1b7801df008629ad1d52"

[[projects]]
  branch = "master"
  digest = "1:691b89d437f8e83ad4e884525cddccea1c809187168bd7a9e10554e087218754"
  name = "github.com/cognusion/semaphore"
  packages = ["."]
  pruneopts = ""
  revision = "cfa287382ee8184c1db2a176e76cfb2962dcb96e"

[[projects]]
  branch = "master"
  digest = "1:e25a116e92405c733882af923d45dbb1771a11e965f47af778152818bc1ebec8"
  name = "github.com/dexterous/semaphore"
  packages = ["."]
  pruneopts = ""
  revision = "dbfac97a3f9e02a8fd4bd7ba04fa837a4720281e"

[[projects]]
  branch = "master"
  digest = "1:a83b82afa323a365cf761efcc83ae41c6071d42b87f6e6693e018dab803d9fc9"
  name = "github.com/dropbox/godropbox"
  packages = [
    "errors",
    "sync2",
  ]
  pruneopts = ""
  revision = "31879d3884b90dd94c44c85c0e4f1aff3bbb90e2"

[[projects]]
  branch = "master"
  digest = "1:28e205d1949e513b325c55c13e12b2eda00dfa91c39393e3e92894f360c16c2e"
  name = "github.com/jsipprell/go-semaphore"
  packages = ["."]
  pruneopts = ""
  revision = "e3745e5247e61541c301c62ee264e26628c38d1a"

[[projects]]
  branch = "master"
  digest = "1:3f748958d703aa00e9c20ee2c93bc1bdb82f87ab66c66851f5dd1d5a4b558f12"
  name = "github.com/marusama/semaphore"
  packages = ["."]
  pruneopts = ""
  revision = "567f17206eaa3f28bd73e209620e2abaa65d7405"

[[projects]]
  branch = "master"
  digest = "1:2da127bea889f71ab97e1dd8ca9b6085153a71aec4e999a83975a8c8de35816a"
  name = "github.com/nicholasjackson/bench"
  packages = ["semaphore"]
  pruneopts = ""
  revision = "39c3cb80881e351daac20452d3985fdbd7a8c5fa"

[[projects]]
  branch = "master"
  digest = "1:92b2ca64d3aa3c12b6a32982de2980330581bfc15ed8ef6370ac2172d0437ddc"
  name = "github.com/pivotal-golang/semaphore"
  packages = ["."]
  pruneopts = ""
  revision = "8d2d0aa1f213493f9ef531ad673a08930c360312"

[[projects]]
  branch = "master"
  digest = "1:c40a2524a6d40d6e47aa442a78d2489ce4bfc9e2d8692b98c83f7e9afc9a1a2e"
  name = "github.com/seanjohnno/semaphore"
  packages = ["."]
  pruneopts = ""
  revision = "dbd495df94b9e0d911bc2a07a7c4c50a13e66629"

[[projects]]
  branch = "master"
  digest = "1:ab3c53293ebc41af390de6cded19d7e921c6fa424403662ece3d258ac7070bb5"
  name = "github.com/spektroskop/semaphore"
  packages = ["."]
  pruneopts = ""
  revision = "c6667b50d46d2f2e14d94a1627a7f7144195d1b2"

[[projects]]
  branch = "master"
  digest = "1:3e2c319fe27a5de611e58adc1440f722a9e8511c7df6201425f2a2b579156fa8"
  name = "github.com/subchen/go-trylock"
  packages = ["."]
  pruneopts = ""
  revision = "30cc6d71dc242b0e5331eb40ded9722800abad99"

[[projects]]
  branch = "master"
  digest = "1:9780565e228a2bb2fd0d820596181ef8c5cd718a8777799fdc6bcba618fcb9bb"
  name = "github.com/tarndt/sema"
  packages = ["."]
  pruneopts = ""
  revision = "5335fa8ba954e492b237d9ba30d07b57e1b2ef3f"

[[projects]]
  branch = "master"
  digest = "1:cc552c9c43c80350fa0ae66a84a9f40ab16a48b16e06e3f85c09c3a62b799fe5"
  name = "github.com/tj/go-sync"
  packages = ["semaphore"]
  pruneopts = ""
  revision = "e26b219dec0feee86944dfe161abfb9c6a338646"

[[projects]]
  branch = "master"
  digest = "1:b62f52ecc0dd16809a5a8f0cc53559f7aa1b72b5b23f98e3ff46cb2f77e44255"
  name = "github.com/tmthrgd/go-sem"
  packages = ["."]
  pruneopts = ""
  revision = "0214dbf5387720b1ff35c31913423f4d1fbde077"

[[projects]]
  branch = "master"
  digest = "1:d75d43af876dd712e107ee199d1cc3daed3db4142a4df5950be17e8702e70cc8"
  name = "github.com/toolkits/concurrent"
  packages = ["semaphore"]
  pruneopts = ""
  revision = "a4371d70e3e308db0d5f90c2b1f5efaa84add725"

[[projects]]
  branch = "master"
  digest = "1:caf4cf24c6255529805f2fc64c111926bef2abb006db1432f584cd3afdd6390c"
  name = "github.com/vada-ir/semaphore"
  packages = ["."]
  pruneopts = ""
  revision = "566ed412777737d9b810f167bdca75fd066d8440"

[[projects]]
  branch = "master"
  digest = "1:3a3c1b660248c0ec25f00cfb9c6526bd5b0ede4c8bfa2ed56a3f5e7e9d0a19cd"
  name = "golang.org/x/net"
  packages = ["context"]
  pruneopts = ""
  revision = "146acd28ed5894421fb5aac80ca93bc1b1f46f87"

[[projects]]
  branch = "master"
  digest = "1:b2ea75de0ccb2db2ac79356407f8a4cd8f798fe15d41b381c00abf3ae8e55ed1"
  name = "golang.org/x/sync"
  packages = ["semaphore"]
  pruneopts = ""
  revision = "1d60e4601c6fd243af51cc01ddf169918a5407ca"

[[projects]]
  branch = "master"
  digest = "1:a4bda6e065eb3ccf1e6adeaa863cb416e0ae6b43e613f20a8931d52d19dc20e2"
  name = "golang.org/x/sys"
  packages = ["unix"]
  pruneopts = ""
  revision = "4497e2df6f9e69048a54498c7affbbec3294ad47"

[[projects]]
  digest = "1:6d6672f85a84411509885eaa32f597577873de00e30729b9bb0eb1e1faa49c12"
  name = "gopkg.in/eapache/go-resiliency.v1"
  packages = ["semaphore"]
  pruneopts = ""
  revision = "ea41b0fad31007accc7f806884dcdf3da98b79ce"
  version = "v1.1.0"

[solve-meta]
  analyzer-name = "dep"
  analyzer-version = 1
  input-imports = [
    "github.com/abiosoft/semaphore",
    "github.com/andreyvit/sem",
    "github.com/avezila/psem",
    "github.com/bluele/go-semaphore",
    "github.com/carlmjohnson/go-utils/semaphore",
    "github.com/cognusion/semaphore",
    "github.com/dexterous/semaphore",
    "github.com/dropbox/godropbox/sync2",
    "github.com/jsipprell/go-semaphore",
    "github.com/marusama/semaphore",
    "github.com/nicholasjackson/bench/semaphore",
    "github.com/pivotal-golang/semaphore",
    "github.com/seanjohnno/semaphore",
    "github.com/spektroskop/semaphore",
    "github.com/subchen/go-trylock",
    "github.com/tarndt/sema",
    "github.com/tj/go-sync/semaphore",
    "github.com/tmthrgd/go-sem",
    "github.com/toolkits/concurrent/semaphore",
    "github.com/vada-ir/semaphore",
    "golang.org/x/sync/semaphore",
    "gopkg.in/eapache/go-resiliency.v1/semaphore",
  ]
  solver-name = "gps-cdcl"
  solver-version = 1
