# This file is autogenerated, do not edit; changes may be undone by the next 'dep ensure'.


[[projects]]
  branch = "master"
  digest = "1:e97c4d4d91f5a857bfa2fdaad18e51d9c2610b6d32721db8ab27cdb97bad23e3"
  name = "github.com/benbjohnson/genesis"
  packages = ["."]
  pruneopts = ""
  revision = "0187002be681aa58cc1ff834601777d21dc6490d"

[[projects]]
  branch = "master"
  digest = "1:5ed5a0d86bdcd307f5de29d23e778f8f4d64a61663fba899573ee8da2046a0b1"
  name = "github.com/go-bindata/go-bindata"
  packages = ["."]
  pruneopts = ""
  revision = "d266f3a456685e7541abc9f010d46fff146c7858"

[[projects]]
  branch = "master"
  digest = "1:61416415ed09917c36481eb30d3d5836c7b10e3225f412546a1f7a80fc5b33ce"
  name = "github.com/gobuffalo/packr"
  packages = ["."]
  pruneopts = ""
  revision = "5a2cbb54c4e7d482e3f518c56f1f86f133d5204f"

[[projects]]
  digest = "1:5cf3f025cbee5951a4ee961de067c8a89fc95a5adabead774f82822efabab121"
  name = "github.com/pkg/errors"
  packages = ["."]
  pruneopts = "NUT"
  revision = "645ef00459ed84a119197bfb8d8205042c6df63d"
  version = "v0.8.0"

[[projects]]
  branch = "master"
  digest = "1:2ba054ffd0e1bd13f2e6fa0b2203df5d9f04ff354f71bbb08168926c6b74b756"
  name = "github.com/rakyll/statik"
  packages = ["fs"]
  pruneopts = ""
  revision = "1355192d24db2566a83c3914e187e2a7e7679832"

[solve-meta]
  analyzer-name = "dep"
  analyzer-version = 1
  input-imports = [
    "github.com/benbjohnson/genesis",
    "github.com/go-bindata/go-bindata",
    "github.com/gobuffalo/packr",
    "github.com/rakyll/statik/fs",
  ]
  solver-name = "gps-cdcl"
  solver-version = 1
