# This file is autogenerated, do not edit; changes may be undone by the next 'dep ensure'.


[[projects]]
  branch = "master"
  digest = "1:ce3e582d51b57329f8c8cd0d92cb06787d036926c05dae71e463c5dcb9c652ae"
  name = "github.com/gofrs/uuid"
  packages = ["."]
  pruneopts = ""
  revision = "48eeef780dd5510f08637709bf3e700fc00f4f10"

[[projects]]
  branch = "master"
  digest = "1:a25a2c5ae694b01713fb6cd03c3b1ac1ccc1902b9f0a922680a88ec254f968e1"
  name = "github.com/google/uuid"
  packages = ["."]
  pruneopts = ""
  revision = "9b3b1e0f5f99ae461456d768e7d301a7acdaa2d8"

[[projects]]
  branch = "master"
  digest = "1:d35e07e002ccc51cb01fa77e932ea62206c4d3b2fb0fa1f1b052885942108a96"
  name = "github.com/hashicorp/go-uuid"
  packages = ["."]
  pruneopts = ""
  revision = "de160f5c59f693fed329e73e291bb751fe4ea4dc"

[[projects]]
  branch = "master"
  digest = "1:81b09f2173baa1fbb8d53512e0a4ab407125d8d7e54c8dca56e4e06f0f3ef340"
  name = "github.com/jakehl/goid"
  packages = ["."]
  pruneopts = ""
  revision = "45bfa096e6d0df3d64b1dc76d3060bb8208674ee"

[[projects]]
  branch = "master"
  digest = "1:910a3cbc4bb3d55ef7f928b383d38cd839946bae634c10987215377533b389ff"
  name = "github.com/kevinburke/go.uuid"
  packages = ["."]
  pruneopts = ""
  revision = "d8da80a9dcbb2e579198ff4593e8837a1963f570"

[[projects]]
  branch = "master"
  digest = "1:bf94ac66770815266a197574944eea91cd9ea4f37f8842e4c7fb6a263e97759f"
  name = "github.com/oklog/ulid"
  packages = ["."]
  pruneopts = ""
  revision = "d41f57c8729afa1d190d738e8510d39c0abe0794"

[[projects]]
  branch = "master"
  digest = "1:d4fec58ef1540ef89350bf22c25e013a9f9f57de12180d9067a1e25a5925d99b"
  name = "github.com/satori/go.uuid"
  packages = ["."]
  pruneopts = ""
  revision = "36e9d2ebbde5e3f13ab2e25625fd453271d6522e"

[[projects]]
  branch = "master"
  digest = "1:a604fe0eb9b3c0ec333cea9c8a6f689aef86b624b619b10b98253fc3d84e9ad1"
  name = "github.com/segmentio/ksuid"
  packages = ["."]
  pruneopts = ""
  revision = "a39015a56de643f2ddfeb1237299fa562243d910"

[[projects]]
  digest = "1:c27b9d796a0011b90661dc71cb6627d844372327c9e1f306d0713ed679139ebf"
  name = "gopkg.in/myesui/uuid.v1"
  packages = ["."]
  pruneopts = ""
  revision = "835a10bbd6bce40820349a68b1368a62c3c5617c"
  version = "v1.0.0"

[solve-meta]
  analyzer-name = "dep"
  analyzer-version = 1
  input-imports = [
    "github.com/gofrs/uuid",
    "github.com/google/uuid",
    "github.com/hashicorp/go-uuid",
    "github.com/jakehl/goid",
    "github.com/kevinburke/go.uuid",
    "github.com/oklog/ulid",
    "github.com/satori/go.uuid",
    "github.com/segmentio/ksuid",
    "gopkg.in/myesui/uuid.v1",
  ]
  solver-name = "gps-cdcl"
  solver-version = 1
