# This file is autogenerated, do not edit; changes may be undone by the next 'dep ensure'.


[[projects]]
  branch = "master"
  digest = "1:22585800c2543372243b85b0374dec04545db0ee299b8e8535f3ff2db82d4343"
  name = "github.com/bcicen/grmon"
  packages = ["agent"]
  pruneopts = ""
  revision = "9e5e49d99f7c39adadd6a1d1f75317e0491e88a3"

[[projects]]
  branch = "master"
  digest = "1:850a97cbcde0f1ccd360d35fa938a2c9cf8bfd734d681cc51c4ab58418178998"
  name = "github.com/google/gops"
  packages = [
    "agent",
    "internal",
    "signal",
  ]
  pruneopts = ""
  revision = "f341a40f99ec27eb59f219922de4c5f8369251a1"

[[projects]]
  branch = "master"
  digest = "1:2c5ad58492804c40bdaf5d92039b0cde8b5becd2b7feeb37d7d1cc36a8aa8dbe"
  name = "github.com/kardianos/osext"
  packages = ["."]
  pruneopts = ""
  revision = "ae77be60afb1dcacde03767a8c37337fad28ac14"

[solve-meta]
  analyzer-name = "dep"
  analyzer-version = 1
  input-imports = [
    "github.com/bcicen/grmon/agent",
    "github.com/google/gops/agent",
  ]
  solver-name = "gps-cdcl"
  solver-version = 1
