# This file is autogenerated, do not edit; changes may be undone by the next 'dep ensure'.


[[projects]]
  branch = "master"
  digest = "1:594030c0f0ed3842773b68708d4f9716d809556b9c631460051f99b15057512d"
  name = "github.com/juju/errors"
  packages = ["."]
  pruneopts = ""
  revision = "22422dad46e14561a0854ad42497a75af9b61909"

[[projects]]
  branch = "master"
  digest = "1:34e4eb11520ec1680b30f656fe9b68ad9bd102ee43ffdb7653d740b45fee1163"
  name = "github.com/oxequa/grace"
  packages = ["."]
  pruneopts = ""
  revision = "d1b62e904ab270ccd87f64c9978dfeae73eae86d"

[[projects]]
  branch = "master"
  digest = "1:4a28080faacdaabfe54a78ba0bfb41468744cbcda6af15748b917ca725d3749c"
  name = "github.com/pkg/errors"
  packages = ["."]
  pruneopts = ""
  revision = "c059e472caf75dbe73903f6521a20abac245b17f"

[solve-meta]
  analyzer-name = "dep"
  analyzer-version = 1
  input-imports = [
    "github.com/juju/errors",
    "github.com/oxequa/grace",
    "github.com/pkg/errors",
  ]
  solver-name = "gps-cdcl"
  solver-version = 1
